
Microsoft Visual Studio Solution File, Format Version 12.00
# Visual Studio Version 17
VisualStudioVersion = 17.6.33829.357
MinimumVisualStudioVersion = 10.0.40219.1
Project("{8BC9CEB8-8B4A-11D0-8D11-00A0C91BC942}") = "BAI12_BANGCUUCHUONG", "BAI12_BANGCUUCHUONG\BAI12_BANGCUUCHUONG.vcxproj", "{B3AEA44B-DF6A-429E-A670-061D9955D558}"
EndProject
Global
	GlobalSection(SolutionConfigurationPlatforms) = preSolution
		Debug|x64 = Debug|x64
		Debug|x86 = Debug|x86
		Release|x64 = Release|x64
		Release|x86 = Release|x86
	EndGlobalSection
	GlobalSection(ProjectConfigurationPlatforms) = postSolution
		{B3AEA44B-DF6A-429E-A670-061D9955D558}.Debug|x64.ActiveCfg = Debug|x64
		{B3AEA44B-DF6A-429E-A670-061D9955D558}.Debug|x64.Build.0 = Debug|x64
		{B3AEA44B-DF6A-429E-A670-061D9955D558}.Debug|x86.ActiveCfg = Debug|Win32
		{B3AEA44B-DF6A-429E-A670-061D9955D558}.Debug|x86.Build.0 = Debug|Win32
		{B3AEA44B-DF6A-429E-A670-061D9955D558}.Release|x64.ActiveCfg = Release|x64
		{B3AEA44B-DF6A-429E-A670-061D9955D558}.Release|x64.Build.0 = Release|x64
		{B3AEA44B-DF6A-429E-A670-061D9955D558}.Release|x86.ActiveCfg = Release|Win32
		{B3AEA44B-DF6A-429E-A670-061D9955D558}.Release|x86.Build.0 = Release|Win32
	EndGlobalSection
	GlobalSection(SolutionProperties) = preSolution
		HideSolutionNode = FALSE
	EndGlobalSection
	GlobalSection(ExtensibilityGlobals) = postSolution
		SolutionGuid = {231A2455-7A40-48A2-A5B6-F2A6B71E5C13}
	EndGlobalSection
EndGlobal
